# This file was autogenerated by Stack.
# You should not edit this file by hand.
# For more information, please see the documentation at:
#   https://docs.haskellstack.org/en/stable/lock_files

packages:
- completed:
    pantry-tree:
      sha256: aa027b21ac1ed1d446a4b20b9a1708fabed9042edf7a28ef05f3fc6278b07841
      size: 571
    hackage: colourista-0.1.0.1@sha256:98353ee0e2f5d97d2148513f084c1cd37dfda03e48aa9dd7a017c9d9c0ba710e,3307
  original:
    hackage: colourista-0.1.0.1
snapshots:
- completed:
    sha256: a27a5761890ade44d7dd21a5f5f93c87e60b9c063655fff835d69dd1071474f0
    size: 619163
    url: https://raw.githubusercontent.com/commercialhaskell/stackage-snapshots/master/lts/19/16.yaml
  original: lts-19.16
